
Microsoft Visual Studio Solution File, Format Version 12.00
# Visual Studio 15
VisualStudioVersion = 15.0.28307.1062
MinimumVisualStudioVersion = 10.0.40219.1
Project("{FAE04EC0-301F-11D3-BF4B-00C04F79EFBC}") = "shop.Common", "shop.Common\shop.Common.csproj", "{20553CF4-AD8B-4599-B671-75C80239BB27}"
EndProject
Project("{2150E333-8FDC-42A3-9474-1A3956D46DE8}") = "Backend", "Backend", "{4E9A5404-54F5-45BC-BFF4-45ADB9DE66EF}"
EndProject
Project("{2150E333-8FDC-42A3-9474-1A3956D46DE8}") = "Frontend", "Frontend", "{AA87A205-C8AE-4B82-BED4-0F8F919E120B}"
EndProject
Project("{FAE04EC0-301F-11D3-BF4B-00C04F79EFBC}") = "shop.Web", "shop.Web\shop.Web.csproj", "{9B189912-1266-4923-97E9-1BDC1D859802}"
EndProject
Project("{2150E333-8FDC-42A3-9474-1A3956D46DE8}") = "Forms", "Forms", "{9398B3AE-6B55-4635-B129-F599E3DFF31E}"
EndProject
Project("{2150E333-8FDC-42A3-9474-1A3956D46DE8}") = "Classic", "Classic", "{C8B49209-6474-4EE3-AAA1-DAA0F3F69FA7}"
EndProject
Project("{FAE04EC0-301F-11D3-BF4B-00C04F79EFBC}") = "shop.UIForms.Android", "shop.UIForms\shop.UIForms.Android\shop.UIForms.Android.csproj", "{E79F77F3-A082-4E4C-8257-A087CE57ACED}"
EndProject
Project("{FAE04EC0-301F-11D3-BF4B-00C04F79EFBC}") = "shop.UIForms.iOS", "shop.UIForms\shop.UIForms.iOS\shop.UIForms.iOS.csproj", "{A8AC0CA1-E5C3-49EA-89CC-39DBD27A5F8C}"
EndProject
Project("{FAE04EC0-301F-11D3-BF4B-00C04F79EFBC}") = "shop.UIForms", "shop.UIForms\shop.UIForms\shop.UIForms.csproj", "{FC528DAC-2826-4F48-A1E6-4DD673E4A47D}"
EndProject
Project("{FAE04EC0-301F-11D3-BF4B-00C04F79EFBC}") = "shop.UIClassic", "shop.UIClassic\shop.UIClassic.csproj", "{9C5B7E14-F145-43FA-B2DD-DE157B9668D2}"
EndProject
Project("{FAE04EC0-301F-11D3-BF4B-00C04F79EFBC}") = "shop.UIClassic.Android", "shop.UIClassic.Android\shop.UIClassic.Android.csproj", "{0A54C2ED-350D-4E24-A44E-33AB1AA51CED}"
EndProject
Project("{FAE04EC0-301F-11D3-BF4B-00C04F79EFBC}") = "shop.UIClassic.iOS", "shop.UIClassic.iOS\shop.UIClassic.iOS.csproj", "{80A96B52-6758-4BDB-B0B4-CEA4CA155C60}"
EndProject
Global
	GlobalSection(SolutionConfigurationPlatforms) = preSolution
		Ad-Hoc|Any CPU = Ad-Hoc|Any CPU
		Ad-Hoc|iPhone = Ad-Hoc|iPhone
		Ad-Hoc|iPhoneSimulator = Ad-Hoc|iPhoneSimulator
		AppStore|Any CPU = AppStore|Any CPU
		AppStore|iPhone = AppStore|iPhone
		AppStore|iPhoneSimulator = AppStore|iPhoneSimulator
		Debug|Any CPU = Debug|Any CPU
		Debug|iPhone = Debug|iPhone
		Debug|iPhoneSimulator = Debug|iPhoneSimulator
		Release|Any CPU = Release|Any CPU
		Release|iPhone = Release|iPhone
		Release|iPhoneSimulator = Release|iPhoneSimulator
	EndGlobalSection
	GlobalSection(ProjectConfigurationPlatforms) = postSolution
		{20553CF4-AD8B-4599-B671-75C80239BB27}.Ad-Hoc|Any CPU.ActiveCfg = Debug|Any CPU
		{20553CF4-AD8B-4599-B671-75C80239BB27}.Ad-Hoc|Any CPU.Build.0 = Debug|Any CPU
		{20553CF4-AD8B-4599-B671-75C80239BB27}.Ad-Hoc|iPhone.ActiveCfg = Debug|Any CPU
		{20553CF4-AD8B-4599-B671-75C80239BB27}.Ad-Hoc|iPhone.Build.0 = Debug|Any CPU
		{20553CF4-AD8B-4599-B671-75C80239BB27}.Ad-Hoc|iPhoneSimulator.ActiveCfg = Debug|Any CPU
		{20553CF4-AD8B-4599-B671-75C80239BB27}.Ad-Hoc|iPhoneSimulator.Build.0 = Debug|Any CPU
		{20553CF4-AD8B-4599-B671-75C80239BB27}.AppStore|Any CPU.ActiveCfg = Debug|Any CPU
		{20553CF4-AD8B-4599-B671-75C80239BB27}.AppStore|Any CPU.Build.0 = Debug|Any CPU
		{20553CF4-AD8B-4599-B671-75C80239BB27}.AppStore|iPhone.ActiveCfg = Debug|Any CPU
		{20553CF4-AD8B-4599-B671-75C80239BB27}.AppStore|iPhone.Build.0 = Debug|Any CPU
		{20553CF4-AD8B-4599-B671-75C80239BB27}.AppStore|iPhoneSimulator.ActiveCfg = Debug|Any CPU
		{20553CF4-AD8B-4599-B671-75C80239BB27}.AppStore|iPhoneSimulator.Build.0 = Debug|Any CPU
		{20553CF4-AD8B-4599-B671-75C80239BB27}.Debug|Any CPU.ActiveCfg = Debug|Any CPU
		{20553CF4-AD8B-4599-B671-75C80239BB27}.Debug|Any CPU.Build.0 = Debug|Any CPU
		{20553CF4-AD8B-4599-B671-75C80239BB27}.Debug|iPhone.ActiveCfg = Debug|Any CPU
		{20553CF4-AD8B-4599-B671-75C80239BB27}.Debug|iPhone.Build.0 = Debug|Any CPU
		{20553CF4-AD8B-4599-B671-75C80239BB27}.Debug|iPhoneSimulator.ActiveCfg = Debug|Any CPU
		{20553CF4-AD8B-4599-B671-75C80239BB27}.Debug|iPhoneSimulator.Build.0 = Debug|Any CPU
		{20553CF4-AD8B-4599-B671-75C80239BB27}.Release|Any CPU.ActiveCfg = Release|Any CPU
		{20553CF4-AD8B-4599-B671-75C80239BB27}.Release|Any CPU.Build.0 = Release|Any CPU
		{20553CF4-AD8B-4599-B671-75C80239BB27}.Release|iPhone.ActiveCfg = Release|Any CPU
		{20553CF4-AD8B-4599-B671-75C80239BB27}.Release|iPhone.Build.0 = Release|Any CPU
		{20553CF4-AD8B-4599-B671-75C80239BB27}.Release|iPhoneSimulator.ActiveCfg = Release|Any CPU
		{20553CF4-AD8B-4599-B671-75C80239BB27}.Release|iPhoneSimulator.Build.0 = Release|Any CPU
		{9B189912-1266-4923-97E9-1BDC1D859802}.Ad-Hoc|Any CPU.ActiveCfg = Debug|Any CPU
		{9B189912-1266-4923-97E9-1BDC1D859802}.Ad-Hoc|Any CPU.Build.0 = Debug|Any CPU
		{9B189912-1266-4923-97E9-1BDC1D859802}.Ad-Hoc|iPhone.ActiveCfg = Debug|Any CPU
		{9B189912-1266-4923-97E9-1BDC1D859802}.Ad-Hoc|iPhone.Build.0 = Debug|Any CPU
		{9B189912-1266-4923-97E9-1BDC1D859802}.Ad-Hoc|iPhoneSimulator.ActiveCfg = Debug|Any CPU
		{9B189912-1266-4923-97E9-1BDC1D859802}.Ad-Hoc|iPhoneSimulator.Build.0 = Debug|Any CPU
		{9B189912-1266-4923-97E9-1BDC1D859802}.AppStore|Any CPU.ActiveCfg = Debug|Any CPU
		{9B189912-1266-4923-97E9-1BDC1D859802}.AppStore|Any CPU.Build.0 = Debug|Any CPU
		{9B189912-1266-4923-97E9-1BDC1D859802}.AppStore|iPhone.ActiveCfg = Debug|Any CPU
		{9B189912-1266-4923-97E9-1BDC1D859802}.AppStore|iPhone.Build.0 = Debug|Any CPU
		{9B189912-1266-4923-97E9-1BDC1D859802}.AppStore|iPhoneSimulator.ActiveCfg = Debug|Any CPU
		{9B189912-1266-4923-97E9-1BDC1D859802}.AppStore|iPhoneSimulator.Build.0 = Debug|Any CPU
		{9B189912-1266-4923-97E9-1BDC1D859802}.Debug|Any CPU.ActiveCfg = Debug|Any CPU
		{9B189912-1266-4923-97E9-1BDC1D859802}.Debug|Any CPU.Build.0 = Debug|Any CPU
		{9B189912-1266-4923-97E9-1BDC1D859802}.Debug|iPhone.ActiveCfg = Debug|Any CPU
		{9B189912-1266-4923-97E9-1BDC1D859802}.Debug|iPhone.Build.0 = Debug|Any CPU
		{9B189912-1266-4923-97E9-1BDC1D859802}.Debug|iPhoneSimulator.ActiveCfg = Debug|Any CPU
		{9B189912-1266-4923-97E9-1BDC1D859802}.Debug|iPhoneSimulator.Build.0 = Debug|Any CPU
		{9B189912-1266-4923-97E9-1BDC1D859802}.Release|Any CPU.ActiveCfg = Release|Any CPU
		{9B189912-1266-4923-97E9-1BDC1D859802}.Release|Any CPU.Build.0 = Release|Any CPU
		{9B189912-1266-4923-97E9-1BDC1D859802}.Release|iPhone.ActiveCfg = Release|Any CPU
		{9B189912-1266-4923-97E9-1BDC1D859802}.Release|iPhone.Build.0 = Release|Any CPU
		{9B189912-1266-4923-97E9-1BDC1D859802}.Release|iPhoneSimulator.ActiveCfg = Release|Any CPU
		{9B189912-1266-4923-97E9-1BDC1D859802}.Release|iPhoneSimulator.Build.0 = Release|Any CPU
		{E79F77F3-A082-4E4C-8257-A087CE57ACED}.Ad-Hoc|Any CPU.ActiveCfg = Release|Any CPU
		{E79F77F3-A082-4E4C-8257-A087CE57ACED}.Ad-Hoc|Any CPU.Build.0 = Release|Any CPU
		{E79F77F3-A082-4E4C-8257-A087CE57ACED}.Ad-Hoc|Any CPU.Deploy.0 = Release|Any CPU
		{E79F77F3-A082-4E4C-8257-A087CE57ACED}.Ad-Hoc|iPhone.ActiveCfg = Release|Any CPU
		{E79F77F3-A082-4E4C-8257-A087CE57ACED}.Ad-Hoc|iPhone.Build.0 = Release|Any CPU
		{E79F77F3-A082-4E4C-8257-A087CE57ACED}.Ad-Hoc|iPhone.Deploy.0 = Release|Any CPU
		{E79F77F3-A082-4E4C-8257-A087CE57ACED}.Ad-Hoc|iPhoneSimulator.ActiveCfg = Release|Any CPU
		{E79F77F3-A082-4E4C-8257-A087CE57ACED}.Ad-Hoc|iPhoneSimulator.Build.0 = Release|Any CPU
		{E79F77F3-A082-4E4C-8257-A087CE57ACED}.Ad-Hoc|iPhoneSimulator.Deploy.0 = Release|Any CPU
		{E79F77F3-A082-4E4C-8257-A087CE57ACED}.AppStore|Any CPU.ActiveCfg = Release|Any CPU
		{E79F77F3-A082-4E4C-8257-A087CE57ACED}.AppStore|Any CPU.Build.0 = Release|Any CPU
		{E79F77F3-A082-4E4C-8257-A087CE57ACED}.AppStore|Any CPU.Deploy.0 = Release|Any CPU
		{E79F77F3-A082-4E4C-8257-A087CE57ACED}.AppStore|iPhone.ActiveCfg = Release|Any CPU
		{E79F77F3-A082-4E4C-8257-A087CE57ACED}.AppStore|iPhone.Build.0 = Release|Any CPU
		{E79F77F3-A082-4E4C-8257-A087CE57ACED}.AppStore|iPhone.Deploy.0 = Release|Any CPU
		{E79F77F3-A082-4E4C-8257-A087CE57ACED}.AppStore|iPhoneSimulator.ActiveCfg = Release|Any CPU
		{E79F77F3-A082-4E4C-8257-A087CE57ACED}.AppStore|iPhoneSimulator.Build.0 = Release|Any CPU
		{E79F77F3-A082-4E4C-8257-A087CE57ACED}.AppStore|iPhoneSimulator.Deploy.0 = Release|Any CPU
		{E79F77F3-A082-4E4C-8257-A087CE57ACED}.Debug|Any CPU.ActiveCfg = Debug|Any CPU
		{E79F77F3-A082-4E4C-8257-A087CE57ACED}.Debug|Any CPU.Build.0 = Debug|Any CPU
		{E79F77F3-A082-4E4C-8257-A087CE57ACED}.Debug|Any CPU.Deploy.0 = Debug|Any CPU
		{E79F77F3-A082-4E4C-8257-A087CE57ACED}.Debug|iPhone.ActiveCfg = Debug|Any CPU
		{E79F77F3-A082-4E4C-8257-A087CE57ACED}.Debug|iPhone.Build.0 = Debug|Any CPU
		{E79F77F3-A082-4E4C-8257-A087CE57ACED}.Debug|iPhone.Deploy.0 = Debug|Any CPU
		{E79F77F3-A082-4E4C-8257-A087CE57ACED}.Debug|iPhoneSimulator.ActiveCfg = Debug|Any CPU
		{E79F77F3-A082-4E4C-8257-A087CE57ACED}.Debug|iPhoneSimulator.Build.0 = Debug|Any CPU
		{E79F77F3-A082-4E4C-8257-A087CE57ACED}.Debug|iPhoneSimulator.Deploy.0 = Debug|Any CPU
		{E79F77F3-A082-4E4C-8257-A087CE57ACED}.Release|Any CPU.ActiveCfg = Release|Any CPU
		{E79F77F3-A082-4E4C-8257-A087CE57ACED}.Release|Any CPU.Build.0 = Release|Any CPU
		{E79F77F3-A082-4E4C-8257-A087CE57ACED}.Release|Any CPU.Deploy.0 = Release|Any CPU
		{E79F77F3-A082-4E4C-8257-A087CE57ACED}.Release|iPhone.ActiveCfg = Release|Any CPU
		{E79F77F3-A082-4E4C-8257-A087CE57ACED}.Release|iPhone.Build.0 = Release|Any CPU
		{E79F77F3-A082-4E4C-8257-A087CE57ACED}.Release|iPhone.Deploy.0 = Release|Any CPU
		{E79F77F3-A082-4E4C-8257-A087CE57ACED}.Release|iPhoneSimulator.ActiveCfg = Release|Any CPU
		{E79F77F3-A082-4E4C-8257-A087CE57ACED}.Release|iPhoneSimulator.Build.0 = Release|Any CPU
		{E79F77F3-A082-4E4C-8257-A087CE57ACED}.Release|iPhoneSimulator.Deploy.0 = Release|Any CPU
		{A8AC0CA1-E5C3-49EA-89CC-39DBD27A5F8C}.Ad-Hoc|Any CPU.ActiveCfg = Ad-Hoc|iPhone
		{A8AC0CA1-E5C3-49EA-89CC-39DBD27A5F8C}.Ad-Hoc|iPhone.ActiveCfg = Ad-Hoc|iPhone
		{A8AC0CA1-E5C3-49EA-89CC-39DBD27A5F8C}.Ad-Hoc|iPhone.Build.0 = Ad-Hoc|iPhone
		{A8AC0CA1-E5C3-49EA-89CC-39DBD27A5F8C}.Ad-Hoc|iPhoneSimulator.ActiveCfg = Ad-Hoc|iPhoneSimulator
		{A8AC0CA1-E5C3-49EA-89CC-39DBD27A5F8C}.Ad-Hoc|iPhoneSimulator.Build.0 = Ad-Hoc|iPhoneSimulator
		{A8AC0CA1-E5C3-49EA-89CC-39DBD27A5F8C}.AppStore|Any CPU.ActiveCfg = AppStore|iPhone
		{A8AC0CA1-E5C3-49EA-89CC-39DBD27A5F8C}.AppStore|iPhone.ActiveCfg = AppStore|iPhone
		{A8AC0CA1-E5C3-49EA-89CC-39DBD27A5F8C}.AppStore|iPhone.Build.0 = AppStore|iPhone
		{A8AC0CA1-E5C3-49EA-89CC-39DBD27A5F8C}.AppStore|iPhoneSimulator.ActiveCfg = AppStore|iPhoneSimulator
		{A8AC0CA1-E5C3-49EA-89CC-39DBD27A5F8C}.AppStore|iPhoneSimulator.Build.0 = AppStore|iPhoneSimulator
		{A8AC0CA1-E5C3-49EA-89CC-39DBD27A5F8C}.Debug|Any CPU.ActiveCfg = Debug|iPhone
		{A8AC0CA1-E5C3-49EA-89CC-39DBD27A5F8C}.Debug|iPhone.ActiveCfg = Debug|iPhone
		{A8AC0CA1-E5C3-49EA-89CC-39DBD27A5F8C}.Debug|iPhone.Build.0 = Debug|iPhone
		{A8AC0CA1-E5C3-49EA-89CC-39DBD27A5F8C}.Debug|iPhoneSimulator.ActiveCfg = Debug|iPhoneSimulator
		{A8AC0CA1-E5C3-49EA-89CC-39DBD27A5F8C}.Debug|iPhoneSimulator.Build.0 = Debug|iPhoneSimulator
		{A8AC0CA1-E5C3-49EA-89CC-39DBD27A5F8C}.Release|Any CPU.ActiveCfg = Release|iPhone
		{A8AC0CA1-E5C3-49EA-89CC-39DBD27A5F8C}.Release|iPhone.ActiveCfg = Release|iPhone
		{A8AC0CA1-E5C3-49EA-89CC-39DBD27A5F8C}.Release|iPhone.Build.0 = Release|iPhone
		{A8AC0CA1-E5C3-49EA-89CC-39DBD27A5F8C}.Release|iPhoneSimulator.ActiveCfg = Release|iPhoneSimulator
		{A8AC0CA1-E5C3-49EA-89CC-39DBD27A5F8C}.Release|iPhoneSimulator.Build.0 = Release|iPhoneSimulator
		{FC528DAC-2826-4F48-A1E6-4DD673E4A47D}.Ad-Hoc|Any CPU.ActiveCfg = Debug|Any CPU
		{FC528DAC-2826-4F48-A1E6-4DD673E4A47D}.Ad-Hoc|Any CPU.Build.0 = Debug|Any CPU
		{FC528DAC-2826-4F48-A1E6-4DD673E4A47D}.Ad-Hoc|iPhone.ActiveCfg = Debug|Any CPU
		{FC528DAC-2826-4F48-A1E6-4DD673E4A47D}.Ad-Hoc|iPhone.Build.0 = Debug|Any CPU
		{FC528DAC-2826-4F48-A1E6-4DD673E4A47D}.Ad-Hoc|iPhoneSimulator.ActiveCfg = Debug|Any CPU
		{FC528DAC-2826-4F48-A1E6-4DD673E4A47D}.Ad-Hoc|iPhoneSimulator.Build.0 = Debug|Any CPU
		{FC528DAC-2826-4F48-A1E6-4DD673E4A47D}.AppStore|Any CPU.ActiveCfg = Debug|Any CPU
		{FC528DAC-2826-4F48-A1E6-4DD673E4A47D}.AppStore|Any CPU.Build.0 = Debug|Any CPU
		{FC528DAC-2826-4F48-A1E6-4DD673E4A47D}.AppStore|iPhone.ActiveCfg = Debug|Any CPU
		{FC528DAC-2826-4F48-A1E6-4DD673E4A47D}.AppStore|iPhone.Build.0 = Debug|Any CPU
		{FC528DAC-2826-4F48-A1E6-4DD673E4A47D}.AppStore|iPhoneSimulator.ActiveCfg = Debug|Any CPU
		{FC528DAC-2826-4F48-A1E6-4DD673E4A47D}.AppStore|iPhoneSimulator.Build.0 = Debug|Any CPU
		{FC528DAC-2826-4F48-A1E6-4DD673E4A47D}.Debug|Any CPU.ActiveCfg = Debug|Any CPU
		{FC528DAC-2826-4F48-A1E6-4DD673E4A47D}.Debug|Any CPU.Build.0 = Debug|Any CPU
		{FC528DAC-2826-4F48-A1E6-4DD673E4A47D}.Debug|iPhone.ActiveCfg = Debug|Any CPU
		{FC528DAC-2826-4F48-A1E6-4DD673E4A47D}.Debug|iPhone.Build.0 = Debug|Any CPU
		{FC528DAC-2826-4F48-A1E6-4DD673E4A47D}.Debug|iPhoneSimulator.ActiveCfg = Debug|Any CPU
		{FC528DAC-2826-4F48-A1E6-4DD673E4A47D}.Debug|iPhoneSimulator.Build.0 = Debug|Any CPU
		{FC528DAC-2826-4F48-A1E6-4DD673E4A47D}.Release|Any CPU.ActiveCfg = Release|Any CPU
		{FC528DAC-2826-4F48-A1E6-4DD673E4A47D}.Release|Any CPU.Build.0 = Release|Any CPU
		{FC528DAC-2826-4F48-A1E6-4DD673E4A47D}.Release|iPhone.ActiveCfg = Release|Any CPU
		{FC528DAC-2826-4F48-A1E6-4DD673E4A47D}.Release|iPhone.Build.0 = Release|Any CPU
		{FC528DAC-2826-4F48-A1E6-4DD673E4A47D}.Release|iPhoneSimulator.ActiveCfg = Release|Any CPU
		{FC528DAC-2826-4F48-A1E6-4DD673E4A47D}.Release|iPhoneSimulator.Build.0 = Release|Any CPU
		{9C5B7E14-F145-43FA-B2DD-DE157B9668D2}.Ad-Hoc|Any CPU.ActiveCfg = Debug|Any CPU
		{9C5B7E14-F145-43FA-B2DD-DE157B9668D2}.Ad-Hoc|Any CPU.Build.0 = Debug|Any CPU
		{9C5B7E14-F145-43FA-B2DD-DE157B9668D2}.Ad-Hoc|iPhone.ActiveCfg = Debug|Any CPU
		{9C5B7E14-F145-43FA-B2DD-DE157B9668D2}.Ad-Hoc|iPhone.Build.0 = Debug|Any CPU
		{9C5B7E14-F145-43FA-B2DD-DE157B9668D2}.Ad-Hoc|iPhoneSimulator.ActiveCfg = Debug|Any CPU
		{9C5B7E14-F145-43FA-B2DD-DE157B9668D2}.Ad-Hoc|iPhoneSimulator.Build.0 = Debug|Any CPU
		{9C5B7E14-F145-43FA-B2DD-DE157B9668D2}.AppStore|Any CPU.ActiveCfg = Debug|Any CPU
		{9C5B7E14-F145-43FA-B2DD-DE157B9668D2}.AppStore|Any CPU.Build.0 = Debug|Any CPU
		{9C5B7E14-F145-43FA-B2DD-DE157B9668D2}.AppStore|iPhone.ActiveCfg = Debug|Any CPU
		{9C5B7E14-F145-43FA-B2DD-DE157B9668D2}.AppStore|iPhone.Build.0 = Debug|Any CPU
		{9C5B7E14-F145-43FA-B2DD-DE157B9668D2}.AppStore|iPhoneSimulator.ActiveCfg = Debug|Any CPU
		{9C5B7E14-F145-43FA-B2DD-DE157B9668D2}.AppStore|iPhoneSimulator.Build.0 = Debug|Any CPU
		{9C5B7E14-F145-43FA-B2DD-DE157B9668D2}.Debug|Any CPU.ActiveCfg = Debug|Any CPU
		{9C5B7E14-F145-43FA-B2DD-DE157B9668D2}.Debug|Any CPU.Build.0 = Debug|Any CPU
		{9C5B7E14-F145-43FA-B2DD-DE157B9668D2}.Debug|iPhone.ActiveCfg = Debug|Any CPU
		{9C5B7E14-F145-43FA-B2DD-DE157B9668D2}.Debug|iPhone.Build.0 = Debug|Any CPU
		{9C5B7E14-F145-43FA-B2DD-DE157B9668D2}.Debug|iPhoneSimulator.ActiveCfg = Debug|Any CPU
		{9C5B7E14-F145-43FA-B2DD-DE157B9668D2}.Debug|iPhoneSimulator.Build.0 = Debug|Any CPU
		{9C5B7E14-F145-43FA-B2DD-DE157B9668D2}.Release|Any CPU.ActiveCfg = Release|Any CPU
		{9C5B7E14-F145-43FA-B2DD-DE157B9668D2}.Release|Any CPU.Build.0 = Release|Any CPU
		{9C5B7E14-F145-43FA-B2DD-DE157B9668D2}.Release|iPhone.ActiveCfg = Release|Any CPU
		{9C5B7E14-F145-43FA-B2DD-DE157B9668D2}.Release|iPhone.Build.0 = Release|Any CPU
		{9C5B7E14-F145-43FA-B2DD-DE157B9668D2}.Release|iPhoneSimulator.ActiveCfg = Release|Any CPU
		{9C5B7E14-F145-43FA-B2DD-DE157B9668D2}.Release|iPhoneSimulator.Build.0 = Release|Any CPU
		{0A54C2ED-350D-4E24-A44E-33AB1AA51CED}.Ad-Hoc|Any CPU.ActiveCfg = Release|Any CPU
		{0A54C2ED-350D-4E24-A44E-33AB1AA51CED}.Ad-Hoc|Any CPU.Build.0 = Release|Any CPU
		{0A54C2ED-350D-4E24-A44E-33AB1AA51CED}.Ad-Hoc|Any CPU.Deploy.0 = Release|Any CPU
		{0A54C2ED-350D-4E24-A44E-33AB1AA51CED}.Ad-Hoc|iPhone.ActiveCfg = Release|Any CPU
		{0A54C2ED-350D-4E24-A44E-33AB1AA51CED}.Ad-Hoc|iPhone.Build.0 = Release|Any CPU
		{0A54C2ED-350D-4E24-A44E-33AB1AA51CED}.Ad-Hoc|iPhone.Deploy.0 = Release|Any CPU
		{0A54C2ED-350D-4E24-A44E-33AB1AA51CED}.Ad-Hoc|iPhoneSimulator.ActiveCfg = Release|Any CPU
		{0A54C2ED-350D-4E24-A44E-33AB1AA51CED}.Ad-Hoc|iPhoneSimulator.Build.0 = Release|Any CPU
		{0A54C2ED-350D-4E24-A44E-33AB1AA51CED}.Ad-Hoc|iPhoneSimulator.Deploy.0 = Release|Any CPU
		{0A54C2ED-350D-4E24-A44E-33AB1AA51CED}.AppStore|Any CPU.ActiveCfg = Release|Any CPU
		{0A54C2ED-350D-4E24-A44E-33AB1AA51CED}.AppStore|Any CPU.Build.0 = Release|Any CPU
		{0A54C2ED-350D-4E24-A44E-33AB1AA51CED}.AppStore|Any CPU.Deploy.0 = Release|Any CPU
		{0A54C2ED-350D-4E24-A44E-33AB1AA51CED}.AppStore|iPhone.ActiveCfg = Release|Any CPU
		{0A54C2ED-350D-4E24-A44E-33AB1AA51CED}.AppStore|iPhone.Build.0 = Release|Any CPU
		{0A54C2ED-350D-4E24-A44E-33AB1AA51CED}.AppStore|iPhone.Deploy.0 = Release|Any CPU
		{0A54C2ED-350D-4E24-A44E-33AB1AA51CED}.AppStore|iPhoneSimulator.ActiveCfg = Release|Any CPU
		{0A54C2ED-350D-4E24-A44E-33AB1AA51CED}.AppStore|iPhoneSimulator.Build.0 = Release|Any CPU
		{0A54C2ED-350D-4E24-A44E-33AB1AA51CED}.AppStore|iPhoneSimulator.Deploy.0 = Release|Any CPU
		{0A54C2ED-350D-4E24-A44E-33AB1AA51CED}.Debug|Any CPU.ActiveCfg = Debug|Any CPU
		{0A54C2ED-350D-4E24-A44E-33AB1AA51CED}.Debug|Any CPU.Build.0 = Debug|Any CPU
		{0A54C2ED-350D-4E24-A44E-33AB1AA51CED}.Debug|Any CPU.Deploy.0 = Debug|Any CPU
		{0A54C2ED-350D-4E24-A44E-33AB1AA51CED}.Debug|iPhone.ActiveCfg = Debug|Any CPU
		{0A54C2ED-350D-4E24-A44E-33AB1AA51CED}.Debug|iPhone.Build.0 = Debug|Any CPU
		{0A54C2ED-350D-4E24-A44E-33AB1AA51CED}.Debug|iPhone.Deploy.0 = Debug|Any CPU
		{0A54C2ED-350D-4E24-A44E-33AB1AA51CED}.Debug|iPhoneSimulator.ActiveCfg = Debug|Any CPU
		{0A54C2ED-350D-4E24-A44E-33AB1AA51CED}.Debug|iPhoneSimulator.Build.0 = Debug|Any CPU
		{0A54C2ED-350D-4E24-A44E-33AB1AA51CED}.Debug|iPhoneSimulator.Deploy.0 = Debug|Any CPU
		{0A54C2ED-350D-4E24-A44E-33AB1AA51CED}.Release|Any CPU.ActiveCfg = Release|Any CPU
		{0A54C2ED-350D-4E24-A44E-33AB1AA51CED}.Release|Any CPU.Build.0 = Release|Any CPU
		{0A54C2ED-350D-4E24-A44E-33AB1AA51CED}.Release|Any CPU.Deploy.0 = Release|Any CPU
		{0A54C2ED-350D-4E24-A44E-33AB1AA51CED}.Release|iPhone.ActiveCfg = Release|Any CPU
		{0A54C2ED-350D-4E24-A44E-33AB1AA51CED}.Release|iPhone.Build.0 = Release|Any CPU
		{0A54C2ED-350D-4E24-A44E-33AB1AA51CED}.Release|iPhone.Deploy.0 = Release|Any CPU
		{0A54C2ED-350D-4E24-A44E-33AB1AA51CED}.Release|iPhoneSimulator.ActiveCfg = Release|Any CPU
		{0A54C2ED-350D-4E24-A44E-33AB1AA51CED}.Release|iPhoneSimulator.Build.0 = Release|Any CPU
		{0A54C2ED-350D-4E24-A44E-33AB1AA51CED}.Release|iPhoneSimulator.Deploy.0 = Release|Any CPU
		{80A96B52-6758-4BDB-B0B4-CEA4CA155C60}.Ad-Hoc|Any CPU.ActiveCfg = Release|iPhone
		{80A96B52-6758-4BDB-B0B4-CEA4CA155C60}.Ad-Hoc|Any CPU.Build.0 = Release|iPhone
		{80A96B52-6758-4BDB-B0B4-CEA4CA155C60}.Ad-Hoc|iPhone.ActiveCfg = Release|iPhone
		{80A96B52-6758-4BDB-B0B4-CEA4CA155C60}.Ad-Hoc|iPhone.Build.0 = Release|iPhone
		{80A96B52-6758-4BDB-B0B4-CEA4CA155C60}.Ad-Hoc|iPhoneSimulator.ActiveCfg = Release|iPhoneSimulator
		{80A96B52-6758-4BDB-B0B4-CEA4CA155C60}.Ad-Hoc|iPhoneSimulator.Build.0 = Release|iPhoneSimulator
		{80A96B52-6758-4BDB-B0B4-CEA4CA155C60}.AppStore|Any CPU.ActiveCfg = Release|iPhone
		{80A96B52-6758-4BDB-B0B4-CEA4CA155C60}.AppStore|Any CPU.Build.0 = Release|iPhone
		{80A96B52-6758-4BDB-B0B4-CEA4CA155C60}.AppStore|iPhone.ActiveCfg = Release|iPhone
		{80A96B52-6758-4BDB-B0B4-CEA4CA155C60}.AppStore|iPhone.Build.0 = Release|iPhone
		{80A96B52-6758-4BDB-B0B4-CEA4CA155C60}.AppStore|iPhoneSimulator.ActiveCfg = Release|iPhoneSimulator
		{80A96B52-6758-4BDB-B0B4-CEA4CA155C60}.AppStore|iPhoneSimulator.Build.0 = Release|iPhoneSimulator
		{80A96B52-6758-4BDB-B0B4-CEA4CA155C60}.Debug|Any CPU.ActiveCfg = Debug|iPhone
		{80A96B52-6758-4BDB-B0B4-CEA4CA155C60}.Debug|iPhone.ActiveCfg = Debug|iPhone
		{80A96B52-6758-4BDB-B0B4-CEA4CA155C60}.Debug|iPhone.Build.0 = Debug|iPhone
		{80A96B52-6758-4BDB-B0B4-CEA4CA155C60}.Debug|iPhoneSimulator.ActiveCfg = Debug|iPhoneSimulator
		{80A96B52-6758-4BDB-B0B4-CEA4CA155C60}.Debug|iPhoneSimulator.Build.0 = Debug|iPhoneSimulator
		{80A96B52-6758-4BDB-B0B4-CEA4CA155C60}.Release|Any CPU.ActiveCfg = Release|iPhone
		{80A96B52-6758-4BDB-B0B4-CEA4CA155C60}.Release|iPhone.ActiveCfg = Release|iPhone
		{80A96B52-6758-4BDB-B0B4-CEA4CA155C60}.Release|iPhone.Build.0 = Release|iPhone
		{80A96B52-6758-4BDB-B0B4-CEA4CA155C60}.Release|iPhoneSimulator.ActiveCfg = Release|iPhoneSimulator
		{80A96B52-6758-4BDB-B0B4-CEA4CA155C60}.Release|iPhoneSimulator.Build.0 = Release|iPhoneSimulator
	EndGlobalSection
	GlobalSection(SolutionProperties) = preSolution
		HideSolutionNode = FALSE
	EndGlobalSection
	GlobalSection(NestedProjects) = preSolution
		{9B189912-1266-4923-97E9-1BDC1D859802} = {4E9A5404-54F5-45BC-BFF4-45ADB9DE66EF}
		{9398B3AE-6B55-4635-B129-F599E3DFF31E} = {AA87A205-C8AE-4B82-BED4-0F8F919E120B}
		{C8B49209-6474-4EE3-AAA1-DAA0F3F69FA7} = {AA87A205-C8AE-4B82-BED4-0F8F919E120B}
		{E79F77F3-A082-4E4C-8257-A087CE57ACED} = {9398B3AE-6B55-4635-B129-F599E3DFF31E}
		{A8AC0CA1-E5C3-49EA-89CC-39DBD27A5F8C} = {9398B3AE-6B55-4635-B129-F599E3DFF31E}
		{FC528DAC-2826-4F48-A1E6-4DD673E4A47D} = {9398B3AE-6B55-4635-B129-F599E3DFF31E}
		{9C5B7E14-F145-43FA-B2DD-DE157B9668D2} = {C8B49209-6474-4EE3-AAA1-DAA0F3F69FA7}
		{0A54C2ED-350D-4E24-A44E-33AB1AA51CED} = {C8B49209-6474-4EE3-AAA1-DAA0F3F69FA7}
		{80A96B52-6758-4BDB-B0B4-CEA4CA155C60} = {C8B49209-6474-4EE3-AAA1-DAA0F3F69FA7}
	EndGlobalSection
	GlobalSection(ExtensibilityGlobals) = postSolution
		SolutionGuid = {51CD3D94-F6F7-48D1-B1D7-4A496814EDD4}
	EndGlobalSection
EndGlobal
